// !$*UTF8*$!
{
	archiveVersion = 1;
	classes = {
	};
	objectVersion = 54;
	objects = {

/* Begin PBXBuildFile section */
		00E356F31AD99517003FC87E /* DatabaseTestTests.m in Sources */ = {isa = PBXBuildFile; fileRef = 00E356F21AD99517003FC87E /* DatabaseTestTests.m */; };
		13B07FBC1A68108700A75B9A /* AppDelegate.m in Sources */ = {isa = PBXBuildFile; fileRef = 13B07FB01A68108700A75B9A /* AppDelegate.m */; };
		13B07FBF1A68108700A75B9A /* Images.xcassets in Resources */ = {isa = PBXBuildFile; fileRef = 13B07FB51A68108700A75B9A /* Images.xcassets */; };
		13B07FC11A68108700A75B9A /* main.m in Sources */ = {isa = PBXBuildFile; fileRef = 13B07FB71A68108700A75B9A /* main.m */; };
		2E629B958D674C708AFDB4F0 /* SpectralSC-Bold.ttf in Resources */ = {isa = PBXBuildFile; fileRef = ED16105E912D4EBE8700404E /* SpectralSC-Bold.ttf */; };
		3470AF0D82B2426B85A6A1B3 /* SpectralSC-Medium.ttf in Resources */ = {isa = PBXBuildFile; fileRef = 3F9D9D9D9F4E42509F83CE94 /* SpectralSC-Medium.ttf */; };
		37D852B8EA14477F9DE6E3BA /* SpectralSC-Italic.ttf in Resources */ = {isa = PBXBuildFile; fileRef = 6A5E6A7E696A4F859FA31CB0 /* SpectralSC-Italic.ttf */; };
		3A9A35EB842E4C95A865257C /* SpectralSC-ExtraLight.ttf in Resources */ = {isa = PBXBuildFile; fileRef = D3DC2A4F1C464049BE9BA212 /* SpectralSC-ExtraLight.ttf */; };
		4E653F8B65E841B1B58F1D66 /* SpectralSC-Regular.ttf in Resources */ = {isa = PBXBuildFile; fileRef = 26F1CC9C84B94A7BA1CB83B0 /* SpectralSC-Regular.ttf */; };
		5BF8EB6B70734A8594F337E4 /* SpectralSC-SemiBoldItalic.ttf in Resources */ = {isa = PBXBuildFile; fileRef = 76128D2BD07C450E87FE1E3D /* SpectralSC-SemiBoldItalic.ttf */; };
		5F9852FEDB9440E89D3D2911 /* SpectralSC-ExtraBoldItalic.ttf in Resources */ = {isa = PBXBuildFile; fileRef = FCFBC176A8A2439F8E739E89 /* SpectralSC-ExtraBoldItalic.ttf */; };
		81AB9BB82411601600AC10FF /* LaunchScreen.storyboard in Resources */ = {isa = PBXBuildFile; fileRef = 81AB9BB72411601600AC10FF /* LaunchScreen.storyboard */; };
		955AE1AB082A43B4A1FC507C /* LobsterTwo-Italic.ttf in Resources */ = {isa = PBXBuildFile; fileRef = 55C5C4E2140142EEA8555CDE /* LobsterTwo-Italic.ttf */; };
		9AEEB25D895709C65D03CFCB /* libPods-DatabaseTest-DatabaseTestTests.a in Frameworks */ = {isa = PBXBuildFile; fileRef = 278FA4D35473884A335E4B84 /* libPods-DatabaseTest-DatabaseTestTests.a */; };
		ADB45FBDD7584029928BB55E /* SpectralSC-Light.ttf in Resources */ = {isa = PBXBuildFile; fileRef = E9BE019C74794014A3282378 /* SpectralSC-Light.ttf */; };
		BE8CC7D008B545CAB8061648 /* SpectralSC-ExtraBold.ttf in Resources */ = {isa = PBXBuildFile; fileRef = 21345298485E478C95F6336D /* SpectralSC-ExtraBold.ttf */; };
		C8E44A53F60C4110A34357DB /* SpectralSC-LightItalic.ttf in Resources */ = {isa = PBXBuildFile; fileRef = 0C86F305F623441991461E67 /* SpectralSC-LightItalic.ttf */; };
		CDAE3317797125CE38DE1937 /* libPods-DatabaseTest.a in Frameworks */ = {isa = PBXBuildFile; fileRef = D9FAEC6E630BE31DD5F5A159 /* libPods-DatabaseTest.a */; };
		D0B5AD958B28470896B826F7 /* SpectralSC-ExtraLightItalic.ttf in Resources */ = {isa = PBXBuildFile; fileRef = E0A8587A4B6B4B71A9641BB0 /* SpectralSC-ExtraLightItalic.ttf */; };
		F680FF1C312842F289D79B12 /* SpectralSC-BoldItalic.ttf in Resources */ = {isa = PBXBuildFile; fileRef = 19DABA922B69445D85EAA1E1 /* SpectralSC-BoldItalic.ttf */; };
		F8E284ABF4FE4FA9AD002745 /* SpectralSC-SemiBold.ttf in Resources */ = {isa = PBXBuildFile; fileRef = A0CB321352BA49C2AF822941 /* SpectralSC-SemiBold.ttf */; };
		F9F1803F847B41798021ED2B /* SpectralSC-MediumItalic.ttf in Resources */ = {isa = PBXBuildFile; fileRef = 840831C95F2E4B7FA872322B /* SpectralSC-MediumItalic.ttf */; };
/* End PBXBuildFile section */

/* Begin PBXContainerItemProxy section */
		00E356F41AD99517003FC87E /* PBXContainerItemProxy */ = {
			isa = PBXContainerItemProxy;
			containerPortal = 83CBB9F71A601CBA00E9B192 /* Project object */;
			proxyType = 1;
			remoteGlobalIDString = 13B07F861A680F5B00A75B9A;
			remoteInfo = DatabaseTest;
		};
/* End PBXContainerItemProxy section */

/* Begin PBXFileReference section */
		00E356EE1AD99517003FC87E /* DatabaseTestTests.xctest */ = {isa = PBXFileReference; explicitFileType = wrapper.cfbundle; includeInIndex = 0; path = DatabaseTestTests.xctest; sourceTree = BUILT_PRODUCTS_DIR; };
		00E356F11AD99517003FC87E /* Info.plist */ = {isa = PBXFileReference; lastKnownFileType = text.plist.xml; path = Info.plist; sourceTree = "<group>"; };
		00E356F21AD99517003FC87E /* DatabaseTestTests.m */ = {isa = PBXFileReference; lastKnownFileType = sourcecode.c.objc; path = DatabaseTestTests.m; sourceTree = "<group>"; };
		0C86F305F623441991461E67 /* SpectralSC-LightItalic.ttf */ = {isa = PBXFileReference; explicitFileType = undefined; fileEncoding = undefined; includeInIndex = 0; lastKnownFileType = unknown; name = "SpectralSC-LightItalic.ttf"; path = "../assets/fonts/SpectralSC-LightItalic.ttf"; sourceTree = "<group>"; };
		13B07F961A680F5B00A75B9A /* DatabaseTest.app */ = {isa = PBXFileReference; explicitFileType = wrapper.application; includeInIndex = 0; path = DatabaseTest.app; sourceTree = BUILT_PRODUCTS_DIR; };
		13B07FAF1A68108700A75B9A /* AppDelegate.h */ = {isa = PBXFileReference; fileEncoding = 4; lastKnownFileType = sourcecode.c.h; name = AppDelegate.h; path = DatabaseTest/AppDelegate.h; sourceTree = "<group>"; };
		13B07FB01A68108700A75B9A /* AppDelegate.m */ = {isa = PBXFileReference; fileEncoding = 4; lastKnownFileType = sourcecode.c.objc; name = AppDelegate.m; path = DatabaseTest/AppDelegate.m; sourceTree = "<group>"; };
		13B07FB51A68108700A75B9A /* Images.xcassets */ = {isa = PBXFileReference; lastKnownFileType = folder.assetcatalog; name = Images.xcassets; path = DatabaseTest/Images.xcassets; sourceTree = "<group>"; };
		13B07FB61A68108700A75B9A /* Info.plist */ = {isa = PBXFileReference; fileEncoding = 4; lastKnownFileType = text.plist.xml; name = Info.plist; path = DatabaseTest/Info.plist; sourceTree = "<group>"; };
		13B07FB71A68108700A75B9A /* main.m */ = {isa = PBXFileReference; fileEncoding = 4; lastKnownFileType = sourcecode.c.objc; name = main.m; path = DatabaseTest/main.m; sourceTree = "<group>"; };
		19DABA922B69445D85EAA1E1 /* SpectralSC-BoldItalic.ttf */ = {isa = PBXFileReference; explicitFileType = undefined; fileEncoding = undefined; includeInIndex = 0; lastKnownFileType = unknown; name = "SpectralSC-BoldItalic.ttf"; path = "../assets/fonts/SpectralSC-BoldItalic.ttf"; sourceTree = "<group>"; };
		21345298485E478C95F6336D /* SpectralSC-ExtraBold.ttf */ = {isa = PBXFileReference; explicitFileType = undefined; fileEncoding = undefined; includeInIndex = 0; lastKnownFileType = unknown; name = "SpectralSC-ExtraBold.ttf"; path = "../assets/fonts/SpectralSC-ExtraBold.ttf"; sourceTree = "<group>"; };
		26F1CC9C84B94A7BA1CB83B0 /* SpectralSC-Regular.ttf */ = {isa = PBXFileReference; explicitFileType = undefined; fileEncoding = undefined; includeInIndex = 0; lastKnownFileType = unknown; name = "SpectralSC-Regular.ttf"; path = "../assets/fonts/SpectralSC-Regular.ttf"; sourceTree = "<group>"; };
		278FA4D35473884A335E4B84 /* libPods-DatabaseTest-DatabaseTestTests.a */ = {isa = PBXFileReference; explicitFileType = archive.ar; includeInIndex = 0; path = "libPods-DatabaseTest-DatabaseTestTests.a"; sourceTree = BUILT_PRODUCTS_DIR; };
		3F9D9D9D9F4E42509F83CE94 /* SpectralSC-Medium.ttf */ = {isa = PBXFileReference; explicitFileType = undefined; fileEncoding = undefined; includeInIndex = 0; lastKnownFileType = unknown; name = "SpectralSC-Medium.ttf"; path = "../assets/fonts/SpectralSC-Medium.ttf"; sourceTree = "<group>"; };
		55C5C4E2140142EEA8555CDE /* LobsterTwo-Italic.ttf */ = {isa = PBXFileReference; explicitFileType = undefined; fileEncoding = undefined; includeInIndex = 0; lastKnownFileType = unknown; name = "LobsterTwo-Italic.ttf"; path = "../assets/fonts/LobsterTwo-Italic.ttf"; sourceTree = "<group>"; };
		5A4BA17224C6BBA2449E9D31 /* Pods-DatabaseTest.debug.xcconfig */ = {isa = PBXFileReference; includeInIndex = 1; lastKnownFileType = text.xcconfig; name = "Pods-DatabaseTest.debug.xcconfig"; path = "Target Support Files/Pods-DatabaseTest/Pods-DatabaseTest.debug.xcconfig"; sourceTree = "<group>"; };
		5FD5072A65E02181B6A51FC7 /* Pods-DatabaseTest-DatabaseTestTests.debug.xcconfig */ = {isa = PBXFileReference; includeInIndex = 1; lastKnownFileType = text.xcconfig; name = "Pods-DatabaseTest-DatabaseTestTests.debug.xcconfig"; path = "Target Support Files/Pods-DatabaseTest-DatabaseTestTests/Pods-DatabaseTest-DatabaseTestTests.debug.xcconfig"; sourceTree = "<group>"; };
		6A5E6A7E696A4F859FA31CB0 /* SpectralSC-Italic.ttf */ = {isa = PBXFileReference; explicitFileType = undefined; fileEncoding = undefined; includeInIndex = 0; lastKnownFileType = unknown; name = "SpectralSC-Italic.ttf"; path = "../assets/fonts/SpectralSC-Italic.ttf"; sourceTree = "<group>"; };
		76128D2BD07C450E87FE1E3D /* SpectralSC-SemiBoldItalic.ttf */ = {isa = PBXFileReference; explicitFileType = undefined; fileEncoding = undefined; includeInIndex = 0; lastKnownFileType = unknown; name = "SpectralSC-SemiBoldItalic.ttf"; path = "../assets/fonts/SpectralSC-SemiBoldItalic.ttf"; sourceTree = "<group>"; };
		81AB9BB72411601600AC10FF /* LaunchScreen.storyboard */ = {isa = PBXFileReference; fileEncoding = 4; lastKnownFileType = file.storyboard; name = LaunchScreen.storyboard; path = DatabaseTest/LaunchScreen.storyboard; sourceTree = "<group>"; };
		840831C95F2E4B7FA872322B /* SpectralSC-MediumItalic.ttf */ = {isa = PBXFileReference; explicitFileType = undefined; fileEncoding = undefined; includeInIndex = 0; lastKnownFileType = unknown; name = "SpectralSC-MediumItalic.ttf"; path = "../assets/fonts/SpectralSC-MediumItalic.ttf"; sourceTree = "<group>"; };
		9C1F15B2BE7212DA09DC5251 /* Pods-DatabaseTest-DatabaseTestTests.release.xcconfig */ = {isa = PBXFileReference; includeInIndex = 1; lastKnownFileType = text.xcconfig; name = "Pods-DatabaseTest-DatabaseTestTests.release.xcconfig"; path = "Target Support Files/Pods-DatabaseTest-DatabaseTestTests/Pods-DatabaseTest-DatabaseTestTests.release.xcconfig"; sourceTree = "<group>"; };
		A0CB321352BA49C2AF822941 /* SpectralSC-SemiBold.ttf */ = {isa = PBXFileReference; explicitFileType = undefined; fileEncoding = undefined; includeInIndex = 0; lastKnownFileType = unknown; name = "SpectralSC-SemiBold.ttf"; path = "../assets/fonts/SpectralSC-SemiBold.ttf"; sourceTree = "<group>"; };
		D3DC2A4F1C464049BE9BA212 /* SpectralSC-ExtraLight.ttf */ = {isa = PBXFileReference; explicitFileType = undefined; fileEncoding = undefined; includeInIndex = 0; lastKnownFileType = unknown; name = "SpectralSC-ExtraLight.ttf"; path = "../assets/fonts/SpectralSC-ExtraLight.ttf"; sourceTree = "<group>"; };
		D9FAEC6E630BE31DD5F5A159 /* libPods-DatabaseTest.a */ = {isa = PBXFileReference; explicitFileType = archive.ar; includeInIndex = 0; path = "libPods-DatabaseTest.a"; sourceTree = BUILT_PRODUCTS_DIR; };
		E06232D9AD8F7E72360BCC52 /* Pods-DatabaseTest.release.xcconfig */ = {isa = PBXFileReference; includeInIndex = 1; lastKnownFileType = text.xcconfig; name = "Pods-DatabaseTest.release.xcconfig"; path = "Target Support Files/Pods-DatabaseTest/Pods-DatabaseTest.release.xcconfig"; sourceTree = "<group>"; };
		E0A8587A4B6B4B71A9641BB0 /* SpectralSC-ExtraLightItalic.ttf */ = {isa = PBXFileReference; explicitFileType = undefined; fileEncoding = undefined; includeInIndex = 0; lastKnownFileType = unknown; name = "SpectralSC-ExtraLightItalic.ttf"; path = "../assets/fonts/SpectralSC-ExtraLightItalic.ttf"; sourceTree = "<group>"; };
		E9BE019C74794014A3282378 /* SpectralSC-Light.ttf */ = {isa = PBXFileReference; explicitFileType = undefined; fileEncoding = undefined; includeInIndex = 0; lastKnownFileType = unknown; name = "SpectralSC-Light.ttf"; path = "../assets/fonts/SpectralSC-Light.ttf"; sourceTree = "<group>"; };
		ED16105E912D4EBE8700404E /* SpectralSC-Bold.ttf */ = {isa = PBXFileReference; explicitFileType = undefined; fileEncoding = undefined; includeInIndex = 0; lastKnownFileType = unknown; name = "SpectralSC-Bold.ttf"; path = "../assets/fonts/SpectralSC-Bold.ttf"; sourceTree = "<group>"; };
		ED297162215061F000B7C4FE /* JavaScriptCore.framework */ = {isa = PBXFileReference; lastKnownFileType = wrapper.framework; name = JavaScriptCore.framework; path = System/Library/Frameworks/JavaScriptCore.framework; sourceTree = SDKROOT; };
		FCFBC176A8A2439F8E739E89 /* SpectralSC-ExtraBoldItalic.ttf */ = {isa = PBXFileReference; explicitFileType = undefined; fileEncoding = undefined; includeInIndex = 0; lastKnownFileType = unknown; name = "SpectralSC-ExtraBoldItalic.ttf"; path = "../assets/fonts/SpectralSC-ExtraBoldItalic.ttf"; sourceTree = "<group>"; };
/* End PBXFileReference section */

/* Begin PBXFrameworksBuildPhase section */
		00E356EB1AD99517003FC87E /* Frameworks */ = {
			isa = PBXFrameworksBuildPhase;
			buildActionMask = 2147483647;
			files = (
				9AEEB25D895709C65D03CFCB /* libPods-DatabaseTest-DatabaseTestTests.a in Frameworks */,
			);
			runOnlyForDeploymentPostprocessing = 0;
		};
		13B07F8C1A680F5B00A75B9A /* Frameworks */ = {
			isa = PBXFrameworksBuildPhase;
			buildActionMask = 2147483647;
			files = (
				CDAE3317797125CE38DE1937 /* libPods-DatabaseTest.a in Frameworks */,
			);
			runOnlyForDeploymentPostprocessing = 0;
		};
/* End PBXFrameworksBuildPhase section */

/* Begin PBXGroup section */
		00E356EF1AD99517003FC87E /* DatabaseTestTests */ = {
			isa = PBXGroup;
			children = (
				00E356F21AD99517003FC87E /* DatabaseTestTests.m */,
				00E356F01AD99517003FC87E /* Supporting Files */,
			);
			path = DatabaseTestTests;
			sourceTree = "<group>";
		};
		00E356F01AD99517003FC87E /* Supporting Files */ = {
			isa = PBXGroup;
			children = (
				00E356F11AD99517003FC87E /* Info.plist */,
			);
			name = "Supporting Files";
			sourceTree = "<group>";
		};
		13B07FAE1A68108700A75B9A /* DatabaseTest */ = {
			isa = PBXGroup;
			children = (
				13B07FAF1A68108700A75B9A /* AppDelegate.h */,
				13B07FB01A68108700A75B9A /* AppDelegate.m */,
				13B07FB51A68108700A75B9A /* Images.xcassets */,
				13B07FB61A68108700A75B9A /* Info.plist */,
				81AB9BB72411601600AC10FF /* LaunchScreen.storyboard */,
				13B07FB71A68108700A75B9A /* main.m */,
			);
			name = DatabaseTest;
			sourceTree = "<group>";
		};
		2D16E6871FA4F8E400B85C8A /* Frameworks */ = {
			isa = PBXGroup;
			children = (
				ED297162215061F000B7C4FE /* JavaScriptCore.framework */,
				D9FAEC6E630BE31DD5F5A159 /* libPods-DatabaseTest.a */,
				278FA4D35473884A335E4B84 /* libPods-DatabaseTest-DatabaseTestTests.a */,
			);
			name = Frameworks;
			sourceTree = "<group>";
		};
		5DCD4F130A8048A3983A6966 /* Resources */ = {
			isa = PBXGroup;
			children = (
				ED16105E912D4EBE8700404E /* SpectralSC-Bold.ttf */,
				19DABA922B69445D85EAA1E1 /* SpectralSC-BoldItalic.ttf */,
				21345298485E478C95F6336D /* SpectralSC-ExtraBold.ttf */,
				FCFBC176A8A2439F8E739E89 /* SpectralSC-ExtraBoldItalic.ttf */,
				D3DC2A4F1C464049BE9BA212 /* SpectralSC-ExtraLight.ttf */,
				E0A8587A4B6B4B71A9641BB0 /* SpectralSC-ExtraLightItalic.ttf */,
				6A5E6A7E696A4F859FA31CB0 /* SpectralSC-Italic.ttf */,
				E9BE019C74794014A3282378 /* SpectralSC-Light.ttf */,
				0C86F305F623441991461E67 /* SpectralSC-LightItalic.ttf */,
				3F9D9D9D9F4E42509F83CE94 /* SpectralSC-Medium.ttf */,
				840831C95F2E4B7FA872322B /* SpectralSC-MediumItalic.ttf */,
				26F1CC9C84B94A7BA1CB83B0 /* SpectralSC-Regular.ttf */,
				A0CB321352BA49C2AF822941 /* SpectralSC-SemiBold.ttf */,
				76128D2BD07C450E87FE1E3D /* SpectralSC-SemiBoldItalic.ttf */,
				55C5C4E2140142EEA8555CDE /* LobsterTwo-Italic.ttf */,
			);
			name = Resources;
			path = "";
			sourceTree = "<group>";
		};
		832341AE1AAA6A7D00B99B32 /* Libraries */ = {
			isa = PBXGroup;
			children = (
			);
			name = Libraries;
			sourceTree = "<group>";
		};
		83CBB9F61A601CBA00E9B192 = {
			isa = PBXGroup;
			children = (
				13B07FAE1A68108700A75B9A /* DatabaseTest */,
				832341AE1AAA6A7D00B99B32 /* Libraries */,
				00E356EF1AD99517003FC87E /* DatabaseTestTests */,
				83CBBA001A601CBA00E9B192 /* Products */,
				2D16E6871FA4F8E400B85C8A /* Frameworks */,
				E31115733A9E4FA9D3B92DE8 /* Pods */,
				5DCD4F130A8048A3983A6966 /* Resources */,
			);
			indentWidth = 2;
			sourceTree = "<group>";
			tabWidth = 2;
			usesTabs = 0;
		};
		83CBBA001A601CBA00E9B192 /* Products */ = {
			isa = PBXGroup;
			children = (
				13B07F961A680F5B00A75B9A /* DatabaseTest.app */,
				00E356EE1AD99517003FC87E /* DatabaseTestTests.xctest */,
			);
			name = Products;
			sourceTree = "<group>";
		};
		E31115733A9E4FA9D3B92DE8 /* Pods */ = {
			isa = PBXGroup;
			children = (
				5A4BA17224C6BBA2449E9D31 /* Pods-DatabaseTest.debug.xcconfig */,
				E06232D9AD8F7E72360BCC52 /* Pods-DatabaseTest.release.xcconfig */,
				5FD5072A65E02181B6A51FC7 /* Pods-DatabaseTest-DatabaseTestTests.debug.xcconfig */,
				9C1F15B2BE7212DA09DC5251 /* Pods-DatabaseTest-DatabaseTestTests.release.xcconfig */,
			);
			name = Pods;
			path = Pods;
			sourceTree = "<group>";
		};
/* End PBXGroup section */

/* Begin PBXNativeTarget section */
		00E356ED1AD99517003FC87E /* DatabaseTestTests */ = {
			isa = PBXNativeTarget;
			buildConfigurationList = 00E357021AD99517003FC87E /* Build configuration list for PBXNativeTarget "DatabaseTestTests" */;
			buildPhases = (
				5C9B60E23A339E260196673B /* [CP] Check Pods Manifest.lock */,
				00E356EA1AD99517003FC87E /* Sources */,
				00E356EB1AD99517003FC87E /* Frameworks */,
				00E356EC1AD99517003FC87E /* Resources */,
				CF0F2065AC6CBA38D463581F /* [CP] Embed Pods Frameworks */,
				672FED1272B5995A1C4B001F /* [CP] Copy Pods Resources */,
			);
			buildRules = (
			);
			dependencies = (
				00E356F51AD99517003FC87E /* PBXTargetDependency */,
			);
			name = DatabaseTestTests;
			productName = DatabaseTestTests;
			productReference = 00E356EE1AD99517003FC87E /* DatabaseTestTests.xctest */;
			productType = "com.apple.product-type.bundle.unit-test";
		};
		13B07F861A680F5B00A75B9A /* DatabaseTest */ = {
			isa = PBXNativeTarget;
			buildConfigurationList = 13B07F931A680F5B00A75B9A /* Build configuration list for PBXNativeTarget "DatabaseTest" */;
			buildPhases = (
				E629A8191958C97D75AC6909 /* [CP] Check Pods Manifest.lock */,
				FD10A7F022414F080027D42C /* Start Packager */,
				13B07F871A680F5B00A75B9A /* Sources */,
				13B07F8C1A680F5B00A75B9A /* Frameworks */,
				13B07F8E1A680F5B00A75B9A /* Resources */,
				00DD1BFF1BD5951E006B06BC /* Bundle React Native code and images */,
				7B83DED4AB40CA44CF05962E /* [CP] Embed Pods Frameworks */,
				D5C1C800D1C6729B627CC099 /* [CP] Copy Pods Resources */,
			);
			buildRules = (
			);
			dependencies = (
			);
			name = DatabaseTest;
			productName = DatabaseTest;
			productReference = 13B07F961A680F5B00A75B9A /* DatabaseTest.app */;
			productType = "com.apple.product-type.application";
		};
/* End PBXNativeTarget section */

/* Begin PBXProject section */
		83CBB9F71A601CBA00E9B192 /* Project object */ = {
			isa = PBXProject;
			attributes = {
				LastUpgradeCheck = 1210;
				TargetAttributes = {
					00E356ED1AD99517003FC87E = {
						CreatedOnToolsVersion = 6.2;
						TestTargetID = 13B07F861A680F5B00A75B9A;
					};
					13B07F861A680F5B00A75B9A = {
						LastSwiftMigration = 1120;
					};
				};
			};
			buildConfigurationList = 83CBB9FA1A601CBA00E9B192 /* Build configuration list for PBXProject "DatabaseTest" */;
			compatibilityVersion = "Xcode 12.0";
			developmentRegion = en;
			hasScannedForEncodings = 0;
			knownRegions = (
				en,
				Base,
			);
			mainGroup = 83CBB9F61A601CBA00E9B192;
			productRefGroup = 83CBBA001A601CBA00E9B192 /* Products */;
			projectDirPath = "";
			projectRoot = "";
			targets = (
				13B07F861A680F5B00A75B9A /* DatabaseTest */,
				00E356ED1AD99517003FC87E /* DatabaseTestTests */,
			);
		};
/* End PBXProject section */

/* Begin PBXResourcesBuildPhase section */
		00E356EC1AD99517003FC87E /* Resources */ = {
			isa = PBXResourcesBuildPhase;
			buildActionMask = 2147483647;
			files = (
			);
			runOnlyForDeploymentPostprocessing = 0;
		};
		13B07F8E1A680F5B00A75B9A /* Resources */ = {
			isa = PBXResourcesBuildPhase;
			buildActionMask = 2147483647;
			files = (
				81AB9BB82411601600AC10FF /* LaunchScreen.storyboard in Resources */,
				13B07FBF1A68108700A75B9A /* Images.xcassets in Resources */,
				2E629B958D674C708AFDB4F0 /* SpectralSC-Bold.ttf in Resources */,
				F680FF1C312842F289D79B12 /* SpectralSC-BoldItalic.ttf in Resources */,
				BE8CC7D008B545CAB8061648 /* SpectralSC-ExtraBold.ttf in Resources */,
				5F9852FEDB9440E89D3D2911 /* SpectralSC-ExtraBoldItalic.ttf in Resources */,
				3A9A35EB842E4C95A865257C /* SpectralSC-ExtraLight.ttf in Resources */,
				D0B5AD958B28470896B826F7 /* SpectralSC-ExtraLightItalic.ttf in Resources */,
				37D852B8EA14477F9DE6E3BA /* SpectralSC-Italic.ttf in Resources */,
				ADB45FBDD7584029928BB55E /* SpectralSC-Light.ttf in Resources */,
				C8E44A53F60C4110A34357DB /* SpectralSC-LightItalic.ttf in Resources */,
				3470AF0D82B2426B85A6A1B3 /* SpectralSC-Medium.ttf in Resources */,
				F9F1803F847B41798021ED2B /* SpectralSC-MediumItalic.ttf in Resources */,
				4E653F8B65E841B1B58F1D66 /* SpectralSC-Regular.ttf in Resources */,
				F8E284ABF4FE4FA9AD002745 /* SpectralSC-SemiBold.ttf in Resources */,
				5BF8EB6B70734A8594F337E4 /* SpectralSC-SemiBoldItalic.ttf in Resources */,
				955AE1AB082A43B4A1FC507C /* LobsterTwo-Italic.ttf in Resources */,
			);
			runOnlyForDeploymentPostprocessing = 0;
		};
/* End PBXResourcesBuildPhase section */

/* Begin PBXShellScriptBuildPhase section */
		00DD1BFF1BD5951E006B06BC /* Bundle React Native code and images */ = {
			isa = PBXShellScriptBuildPhase;
			buildActionMask = 2147483647;
			files = (
			);
			inputPaths = (
			);
			name = "Bundle React Native code and images";
			outputPaths = (
			);
			runOnlyForDeploymentPostprocessing = 0;
			shellPath = /bin/sh;
			shellScript = "set -e\n\nexport NODE_BINARY=node\n../node_modules/react-native/scripts/react-native-xcode.sh\n";
		};
		5C9B60E23A339E260196673B /* [CP] Check Pods Manifest.lock */ = {
			isa = PBXShellScriptBuildPhase;
			buildActionMask = 2147483647;
			files = (
			);
			inputFileListPaths = (
			);
			inputPaths = (
				"${PODS_PODFILE_DIR_PATH}/Podfile.lock",
				"${PODS_ROOT}/Manifest.lock",
			);
			name = "[CP] Check Pods Manifest.lock";
			outputFileListPaths = (
			);
			outputPaths = (
				"$(DERIVED_FILE_DIR)/Pods-DatabaseTest-DatabaseTestTests-checkManifestLockResult.txt",
			);
			runOnlyForDeploymentPostprocessing = 0;
			shellPath = /bin/sh;
			shellScript = "diff \"${PODS_PODFILE_DIR_PATH}/Podfile.lock\" \"${PODS_ROOT}/Manifest.lock\" > /dev/null\nif [ $? != 0 ] ; then\n    # print error to STDERR\n    echo \"error: The sandbox is not in sync with the Podfile.lock. Run 'pod install' or update your CocoaPods installation.\" >&2\n    exit 1\nfi\n# This output is used by Xcode 'outputs' to avoid re-running this script phase.\necho \"SUCCESS\" > \"${SCRIPT_OUTPUT_FILE_0}\"\n";
			showEnvVarsInLog = 0;
		};
		672FED1272B5995A1C4B001F /* [CP] Copy Pods Resources */ = {
			isa = PBXShellScriptBuildPhase;
			buildActionMask = 2147483647;
			files = (
			);
			inputFileListPaths = (
				"${PODS_ROOT}/Target Support Files/Pods-DatabaseTest-DatabaseTestTests/Pods-DatabaseTest-DatabaseTestTests-resources-${CONFIGURATION}-input-files.xcfilelist",
			);
			name = "[CP] Copy Pods Resources";
			outputFileListPaths = (
				"${PODS_ROOT}/Target Support Files/Pods-DatabaseTest-DatabaseTestTests/Pods-DatabaseTest-DatabaseTestTests-resources-${CONFIGURATION}-output-files.xcfilelist",
			);
			runOnlyForDeploymentPostprocessing = 0;
			shellPath = /bin/sh;
			shellScript = "\"${PODS_ROOT}/Target Support Files/Pods-DatabaseTest-DatabaseTestTests/Pods-DatabaseTest-DatabaseTestTests-resources.sh\"\n";
			showEnvVarsInLog = 0;
		};
		7B83DED4AB40CA44CF05962E /* [CP] Embed Pods Frameworks */ = {
			isa = PBXShellScriptBuildPhase;
			buildActionMask = 2147483647;
			files = (
			);
			inputFileListPaths = (
				"${PODS_ROOT}/Target Support Files/Pods-DatabaseTest/Pods-DatabaseTest-frameworks-${CONFIGURATION}-input-files.xcfilelist",
			);
			name = "[CP] Embed Pods Frameworks";
			outputFileListPaths = (
				"${PODS_ROOT}/Target Support Files/Pods-DatabaseTest/Pods-DatabaseTest-frameworks-${CONFIGURATION}-output-files.xcfilelist",
			);
			runOnlyForDeploymentPostprocessing = 0;
			shellPath = /bin/sh;
			shellScript = "\"${PODS_ROOT}/Target Support Files/Pods-DatabaseTest/Pods-DatabaseTest-frameworks.sh\"\n";
			showEnvVarsInLog = 0;
		};
		CF0F2065AC6CBA38D463581F /* [CP] Embed Pods Frameworks */ = {
			isa = PBXShellScriptBuildPhase;
			buildActionMask = 2147483647;
			files = (
			);
			inputFileListPaths = (
				"${PODS_ROOT}/Target Support Files/Pods-DatabaseTest-DatabaseTestTests/Pods-DatabaseTest-DatabaseTestTests-frameworks-${CONFIGURATION}-input-files.xcfilelist",
			);
			name = "[CP] Embed Pods Frameworks";
			outputFileListPaths = (
				"${PODS_ROOT}/Target Support Files/Pods-DatabaseTest-DatabaseTestTests/Pods-DatabaseTest-DatabaseTestTests-frameworks-${CONFIGURATION}-output-files.xcfilelist",
			);
			runOnlyForDeploymentPostprocessing = 0;
			shellPath = /bin/sh;
			shellScript = "\"${PODS_ROOT}/Target Support Files/Pods-DatabaseTest-DatabaseTestTests/Pods-DatabaseTest-DatabaseTestTests-frameworks.sh\"\n";
			showEnvVarsInLog = 0;
		};
		D5C1C800D1C6729B627CC099 /* [CP] Copy Pods Resources */ = {
			isa = PBXShellScriptBuildPhase;
			buildActionMask = 2147483647;
			files = (
			);
			inputFileListPaths = (
				"${PODS_ROOT}/Target Support Files/Pods-DatabaseTest/Pods-DatabaseTest-resources-${CONFIGURATION}-input-files.xcfilelist",
			);
			name = "[CP] Copy Pods Resources";
			outputFileListPaths = (
				"${PODS_ROOT}/Target Support Files/Pods-DatabaseTest/Pods-DatabaseTest-resources-${CONFIGURATION}-output-files.xcfilelist",
			);
			runOnlyForDeploymentPostprocessing = 0;
			shellPath = /bin/sh;
			shellScript = "\"${PODS_ROOT}/Target Support Files/Pods-DatabaseTest/Pods-DatabaseTest-resources.sh\"\n";
			showEnvVarsInLog = 0;
		};
		E629A8191958C97D75AC6909 /* [CP] Check Pods Manifest.lock */ = {
			isa = PBXShellScriptBuildPhase;
			buildActionMask = 2147483647;
			files = (
			);
			inputFileListPaths = (
			);
			inputPaths = (
				"${PODS_PODFILE_DIR_PATH}/Podfile.lock",
				"${PODS_ROOT}/Manifest.lock",
			);
			name = "[CP] Check Pods Manifest.lock";
			outputFileListPaths = (
			);
			outputPaths = (
				"$(DERIVED_FILE_DIR)/Pods-DatabaseTest-checkManifestLockResult.txt",
			);
			runOnlyForDeploymentPostprocessing = 0;
			shellPath = /bin/sh;
			shellScript = "diff \"${PODS_PODFILE_DIR_PATH}/Podfile.lock\" \"${PODS_ROOT}/Manifest.lock\" > /dev/null\nif [ $? != 0 ] ; then\n    # print error to STDERR\n    echo \"error: The sandbox is not in sync with the Podfile.lock. Run 'pod install' or update your CocoaPods installation.\" >&2\n    exit 1\nfi\n# This output is used by Xcode 'outputs' to avoid re-running this script phase.\necho \"SUCCESS\" > \"${SCRIPT_OUTPUT_FILE_0}\"\n";
			showEnvVarsInLog = 0;
		};
		FD10A7F022414F080027D42C /* Start Packager */ = {
			isa = PBXShellScriptBuildPhase;
			buildActionMask = 2147483647;
			files = (
			);
			inputFileListPaths = (
			);
			inputPaths = (
			);
			name = "Start Packager";
			outputFileListPaths = (
			);
			outputPaths = (
			);
			runOnlyForDeploymentPostprocessing = 0;
			shellPath = /bin/sh;
			shellScript = "export RCT_METRO_PORT=\"${RCT_METRO_PORT:=8081}\"\necho \"export RCT_METRO_PORT=${RCT_METRO_PORT}\" > \"${SRCROOT}/../node_modules/react-native/scripts/.packager.env\"\nif [ -z \"${RCT_NO_LAUNCH_PACKAGER+xxx}\" ] ; then\n  if nc -w 5 -z localhost ${RCT_METRO_PORT} ; then\n    if ! curl -s \"http://localhost:${RCT_METRO_PORT}/status\" | grep -q \"packager-status:running\" ; then\n      echo \"Port ${RCT_METRO_PORT} already in use, packager is either not running or not running correctly\"\n      exit 2\n    fi\n  else\n    open \"$SRCROOT/../node_modules/react-native/scripts/launchPackager.command\" || echo \"Can't start packager automatically\"\n  fi\nfi\n";
			showEnvVarsInLog = 0;
		};
/* End PBXShellScriptBuildPhase section */

/* Begin PBXSourcesBuildPhase section */
		00E356EA1AD99517003FC87E /* Sources */ = {
			isa = PBXSourcesBuildPhase;
			buildActionMask = 2147483647;
			files = (
				00E356F31AD99517003FC87E /* DatabaseTestTests.m in Sources */,
			);
			runOnlyForDeploymentPostprocessing = 0;
		};
		13B07F871A680F5B00A75B9A /* Sources */ = {
			isa = PBXSourcesBuildPhase;
			buildActionMask = 2147483647;
			files = (
				13B07FBC1A68108700A75B9A /* AppDelegate.m in Sources */,
				13B07FC11A68108700A75B9A /* main.m in Sources */,
			);
			runOnlyForDeploymentPostprocessing = 0;
		};
/* End PBXSourcesBuildPhase section */

/* Begin PBXTargetDependency section */
		00E356F51AD99517003FC87E /* PBXTargetDependency */ = {
			isa = PBXTargetDependency;
			target = 13B07F861A680F5B00A75B9A /* DatabaseTest */;
			targetProxy = 00E356F41AD99517003FC87E /* PBXContainerItemProxy */;
		};
/* End PBXTargetDependency section */

/* Begin XCBuildConfiguration section */
		00E356F61AD99517003FC87E /* Debug */ = {
			isa = XCBuildConfiguration;
			baseConfigurationReference = 5FD5072A65E02181B6A51FC7 /* Pods-DatabaseTest-DatabaseTestTests.debug.xcconfig */;
			buildSettings = {
				BUNDLE_LOADER = "$(TEST_HOST)";
				GCC_PREPROCESSOR_DEFINITIONS = (
					"DEBUG=1",
					"$(inherited)",
				);
				INFOPLIST_FILE = DatabaseTestTests/Info.plist;
				IPHONEOS_DEPLOYMENT_TARGET = 11.0;
				LD_RUNPATH_SEARCH_PATHS = (
					"$(inherited)",
					"@executable_path/Frameworks",
					"@loader_path/Frameworks",
				);
				OTHER_LDFLAGS = (
					"-ObjC",
					"-lc++",
					"$(inherited)",
				);
				PRODUCT_BUNDLE_IDENTIFIER = "org.reactjs.native.example.$(PRODUCT_NAME:rfc1034identifier)";
				PRODUCT_NAME = "$(TARGET_NAME)";
				TEST_HOST = "$(BUILT_PRODUCTS_DIR)/DatabaseTest.app/DatabaseTest";
			};
			name = Debug;
		};
		00E356F71AD99517003FC87E /* Release */ = {
			isa = XCBuildConfiguration;
			baseConfigurationReference = 9C1F15B2BE7212DA09DC5251 /* Pods-DatabaseTest-DatabaseTestTests.release.xcconfig */;
			buildSettings = {
				BUNDLE_LOADER = "$(TEST_HOST)";
				COPY_PHASE_STRIP = NO;
				INFOPLIST_FILE = DatabaseTestTests/Info.plist;
				IPHONEOS_DEPLOYMENT_TARGET = 11.0;
				LD_RUNPATH_SEARCH_PATHS = (
					"$(inherited)",
					"@executable_path/Frameworks",
					"@loader_path/Frameworks",
				);
				OTHER_LDFLAGS = (
					"-ObjC",
					"-lc++",
					"$(inherited)",
				);
				PRODUCT_BUNDLE_IDENTIFIER = "org.reactjs.native.example.$(PRODUCT_NAME:rfc1034identifier)";
				PRODUCT_NAME = "$(TARGET_NAME)";
				TEST_HOST = "$(BUILT_PRODUCTS_DIR)/DatabaseTest.app/DatabaseTest";
			};
			name = Release;
		};
		13B07F941A680F5B00A75B9A /* Debug */ = {
			isa = XCBuildConfiguration;
			baseConfigurationReference = 5A4BA17224C6BBA2449E9D31 /* Pods-DatabaseTest.debug.xcconfig */;
			buildSettings = {
				ASSETCATALOG_COMPILER_APPICON_NAME = AppIcon;
				CLANG_ENABLE_MODULES = YES;
				CURRENT_PROJECT_VERSION = 1;
				ENABLE_BITCODE = NO;
				INFOPLIST_FILE = DatabaseTest/Info.plist;
				LD_RUNPATH_SEARCH_PATHS = (
					"$(inherited)",
					"@executable_path/Frameworks",
				);
				OTHER_LDFLAGS = (
					"$(inherited)",
					"-ObjC",
					"-lc++",
				);
				PRODUCT_BUNDLE_IDENTIFIER = "org.reactjs.native.example.$(PRODUCT_NAME:rfc1034identifier)";
				PRODUCT_NAME = DatabaseTest;
				SWIFT_OPTIMIZATION_LEVEL = "-Onone";
				SWIFT_VERSION = 5.0;
				VERSIONING_SYSTEM = "apple-generic";
			};
			name = Debug;
		};
		13B07F951A680F5B00A75B9A /* Release */ = {
			isa = XCBuildConfiguration;
			baseConfigurationReference = E06232D9AD8F7E72360BCC52 /* Pods-DatabaseTest.release.xcconfig */;
			buildSettings = {
				ASSETCATALOG_COMPILER_APPICON_NAME = AppIcon;
				CLANG_ENABLE_MODULES = YES;
				CURRENT_PROJECT_VERSION = 1;
				INFOPLIST_FILE = DatabaseTest/Info.plist;
				LD_RUNPATH_SEARCH_PATHS = (
					"$(inherited)",
					"@executable_path/Frameworks",
				);
				OTHER_LDFLAGS = (
					"$(inherited)",
					"-ObjC",
					"-lc++",
				);
				PRODUCT_BUNDLE_IDENTIFIER = "org.reactjs.native.example.$(PRODUCT_NAME:rfc1034identifier)";
				PRODUCT_NAME = DatabaseTest;
				SWIFT_VERSION = 5.0;
				VERSIONING_SYSTEM = "apple-generic";
			};
			name = Release;
		};
		83CBBA201A601CBA00E9B192 /* Debug */ = {
			isa = XCBuildConfiguration;
			buildSettings = {
				ALWAYS_SEARCH_USER_PATHS = NO;
				CLANG_ANALYZER_LOCALIZABILITY_NONLOCALIZED = YES;
				CLANG_CXX_LANGUAGE_STANDARD = "gnu++0x";
				CLANG_CXX_LIBRARY = "libc++";
				CLANG_ENABLE_MODULES = YES;
				CLANG_ENABLE_OBJC_ARC = YES;
				CLANG_WARN_BLOCK_CAPTURE_AUTORELEASING = YES;
				CLANG_WARN_BOOL_CONVERSION = YES;
				CLANG_WARN_COMMA = YES;
				CLANG_WARN_CONSTANT_CONVERSION = YES;
				CLANG_WARN_DEPRECATED_OBJC_IMPLEMENTATIONS = YES;
				CLANG_WARN_DIRECT_OBJC_ISA_USAGE = YES_ERROR;
				CLANG_WARN_EMPTY_BODY = YES;
				CLANG_WARN_ENUM_CONVERSION = YES;
				CLANG_WARN_INFINITE_RECURSION = YES;
				CLANG_WARN_INT_CONVERSION = YES;
				CLANG_WARN_NON_LITERAL_NULL_CONVERSION = YES;
				CLANG_WARN_OBJC_IMPLICIT_RETAIN_SELF = YES;
				CLANG_WARN_OBJC_LITERAL_CONVERSION = YES;
				CLANG_WARN_OBJC_ROOT_CLASS = YES_ERROR;
				CLANG_WARN_QUOTED_INCLUDE_IN_FRAMEWORK_HEADER = YES;
				CLANG_WARN_RANGE_LOOP_ANALYSIS = YES;
				CLANG_WARN_STRICT_PROTOTYPES = YES;
				CLANG_WARN_SUSPICIOUS_MOVE = YES;
				CLANG_WARN_UNREACHABLE_CODE = YES;
				CLANG_WARN__DUPLICATE_METHOD_MATCH = YES;
				"CODE_SIGN_IDENTITY[sdk=iphoneos*]" = "iPhone Developer";
				COPY_PHASE_STRIP = NO;
				ENABLE_STRICT_OBJC_MSGSEND = YES;
				ENABLE_TESTABILITY = YES;
				"EXCLUDED_ARCHS[sdk=iphonesimulator*]" = "";
				GCC_C_LANGUAGE_STANDARD = gnu99;
				GCC_DYNAMIC_NO_PIC = NO;
				GCC_NO_COMMON_BLOCKS = YES;
				GCC_OPTIMIZATION_LEVEL = 0;
				GCC_PREPROCESSOR_DEFINITIONS = (
					"DEBUG=1",
					"$(inherited)",
				);
				GCC_SYMBOLS_PRIVATE_EXTERN = NO;
				GCC_WARN_64_TO_32_BIT_CONVERSION = YES;
				GCC_WARN_ABOUT_RETURN_TYPE = YES_ERROR;
				GCC_WARN_UNDECLARED_SELECTOR = YES;
				GCC_WARN_UNINITIALIZED_AUTOS = YES_AGGRESSIVE;
				GCC_WARN_UNUSED_FUNCTION = YES;
				GCC_WARN_UNUSED_VARIABLE = YES;
				IPHONEOS_DEPLOYMENT_TARGET = 11.0;
				LD_RUNPATH_SEARCH_PATHS = (
					/usr/lib/swift,
					"$(inherited)",
				);
				LIBRARY_SEARCH_PATHS = (
					"\"$(SDKROOT)/usr/lib/swift\"",
					"\"$(TOOLCHAIN_DIR)/usr/lib/swift/$(PLATFORM_NAME)\"",
					"\"$(inherited)\"",
				);
				MTL_ENABLE_DEBUG_INFO = YES;
				ONLY_ACTIVE_ARCH = YES;
				SDKROOT = iphoneos;
			};
			name = Debug;
		};
		83CBBA211A601CBA00E9B192 /* Release */ = {
			isa = XCBuildConfiguration;
			buildSettings = {
				ALWAYS_SEARCH_USER_PATHS = NO;
				CLANG_ANALYZER_LOCALIZABILITY_NONLOCALIZED = YES;
				CLANG_CXX_LANGUAGE_STANDARD = "gnu++0x";
				CLANG_CXX_LIBRARY = "libc++";
				CLANG_ENABLE_MODULES = YES;
				CLANG_ENABLE_OBJC_ARC = YES;
				CLANG_WARN_BLOCK_CAPTURE_AUTORELEASING = YES;
				CLANG_WARN_BOOL_CONVERSION = YES;
				CLANG_WARN_COMMA = YES;
				CLANG_WARN_CONSTANT_CONVERSION = YES;
				CLANG_WARN_DEPRECATED_OBJC_IMPLEMENTATIONS = YES;
				CLANG_WARN_DIRECT_OBJC_ISA_USAGE = YES_ERROR;
				CLANG_WARN_EMPTY_BODY = YES;
				CLANG_WARN_ENUM_CONVERSION = YES;
				CLANG_WARN_INFINITE_RECURSION = YES;
				CLANG_WARN_INT_CONVERSION = YES;
				CLANG_WARN_NON_LITERAL_NULL_CONVERSION = YES;
				CLANG_WARN_OBJC_IMPLICIT_RETAIN_SELF = YES;
				CLANG_WARN_OBJC_LITERAL_CONVERSION = YES;
				CLANG_WARN_OBJC_ROOT_CLASS = YES_ERROR;
				CLANG_WARN_QUOTED_INCLUDE_IN_FRAMEWORK_HEADER = YES;
				CLANG_WARN_RANGE_LOOP_ANALYSIS = YES;
				CLANG_WARN_STRICT_PROTOTYPES = YES;
				CLANG_WARN_SUSPICIOUS_MOVE = YES;
				CLANG_WARN_UNREACHABLE_CODE = YES;
				CLANG_WARN__DUPLICATE_METHOD_MATCH = YES;
				"CODE_SIGN_IDENTITY[sdk=iphoneos*]" = "iPhone Developer";
				COPY_PHASE_STRIP = YES;
				ENABLE_NS_ASSERTIONS = NO;
				ENABLE_STRICT_OBJC_MSGSEND = YES;
				"EXCLUDED_ARCHS[sdk=iphonesimulator*]" = "";
				GCC_C_LANGUAGE_STANDARD = gnu99;
				GCC_NO_COMMON_BLOCKS = YES;
				GCC_WARN_64_TO_32_BIT_CONVERSION = YES;
				GCC_WARN_ABOUT_RETURN_TYPE = YES_ERROR;
				GCC_WARN_UNDECLARED_SELECTOR = YES;
				GCC_WARN_UNINITIALIZED_AUTOS = YES_AGGRESSIVE;
				GCC_WARN_UNUSED_FUNCTION = YES;
				GCC_WARN_UNUSED_VARIABLE = YES;
				IPHONEOS_DEPLOYMENT_TARGET = 11.0;
				LD_RUNPATH_SEARCH_PATHS = (
					/usr/lib/swift,
					"$(inherited)",
				);
				LIBRARY_SEARCH_PATHS = (
					"\"$(SDKROOT)/usr/lib/swift\"",
					"\"$(TOOLCHAIN_DIR)/usr/lib/swift/$(PLATFORM_NAME)\"",
					"\"$(inherited)\"",
				);
				MTL_ENABLE_DEBUG_INFO = NO;
				SDKROOT = iphoneos;
				VALIDATE_PRODUCT = YES;
			};
			name = Release;
		};
/* End XCBuildConfiguration section */

/* Begin XCConfigurationList section */
		00E357021AD99517003FC87E /* Build configuration list for PBXNativeTarget "DatabaseTestTests" */ = {
			isa = XCConfigurationList;
			buildConfigurations = (
				00E356F61AD99517003FC87E /* Debug */,
				00E356F71AD99517003FC87E /* Release */,
			);
			defaultConfigurationIsVisible = 0;
			defaultConfigurationName = Release;
		};
		13B07F931A680F5B00A75B9A /* Build configuration list for PBXNativeTarget "DatabaseTest" */ = {
			isa = XCConfigurationList;
			buildConfigurations = (
				13B07F941A680F5B00A75B9A /* Debug */,
				13B07F951A680F5B00A75B9A /* Release */,
			);
			defaultConfigurationIsVisible = 0;
			defaultConfigurationName = Release;
		};
		83CBB9FA1A601CBA00E9B192 /* Build configuration list for PBXProject "DatabaseTest" */ = {
			isa = XCConfigurationList;
			buildConfigurations = (
				83CBBA201A601CBA00E9B192 /* Debug */,
				83CBBA211A601CBA00E9B192 /* Release */,
			);
			defaultConfigurationIsVisible = 0;
			defaultConfigurationName = Release;
		};
/* End XCConfigurationList section */
	};
	rootObject = 83CBB9F71A601CBA00E9B192 /* Project object */;
}
